
Microsoft Visual Studio Solution File, Format Version 12.00
# Visual Studio 14
VisualStudioVersion = 14.0.25420.1
MinimumVisualStudioVersion = 10.0.40219.1
Project("{FAE04EC0-301F-11D3-BF4B-00C04F79EFBC}") = "Arm_App", "Arm_App\Arm_App.csproj", "{EA581D59-8705-4B4D-B391-0CDECCA3316B}"
EndProject
Global
	GlobalSection(SolutionConfigurationPlatforms) = preSolution
		Debug|Any CPU = Debug|Any CPU
		Release|Any CPU = Release|Any CPU
	EndGlobalSection
	GlobalSection(ProjectConfigurationPlatforms) = postSolution
		{EA581D59-8705-4B4D-B391-0CDECCA3316B}.Debug|Any CPU.ActiveCfg = Debug|Any CPU
		{EA581D59-8705-4B4D-B391-0CDECCA3316B}.Debug|Any CPU.Build.0 = Debug|Any CPU
		{EA581D59-8705-4B4D-B391-0CDECCA3316B}.Debug|Any CPU.Deploy.0 = Debug|Any CPU
		{EA581D59-8705-4B4D-B391-0CDECCA3316B}.Release|Any CPU.ActiveCfg = Release|Any CPU
		{EA581D59-8705-4B4D-B391-0CDECCA3316B}.Release|Any CPU.Build.0 = Release|Any CPU
		{EA581D59-8705-4B4D-B391-0CDECCA3316B}.Release|Any CPU.Deploy.0 = Release|Any CPU
	EndGlobalSection
	GlobalSection(SolutionProperties) = preSolution
		HideSolutionNode = FALSE
	EndGlobalSection
EndGlobal
